
Microsoft Visual Studio Solution File, Format Version 12.00
# Visual Studio Version 17
VisualStudioVersion = 17.8.34525.116
MinimumVisualStudioVersion = 10.0.40219.1
Project("{FAE04EC0-301F-11D3-BF4B-00C04F79EFBC}") = "Week8EpicGame", "Week8EpicGame\Week8EpicGame.csproj", "{FF8955C8-CF98-4EED-A571-D8157BCB276D}"
EndProject
Global
	GlobalSection(SolutionConfigurationPlatforms) = preSolution
		Debug|Any CPU = Debug|Any CPU
		Release|Any CPU = Release|Any CPU
	EndGlobalSection
	GlobalSection(ProjectConfigurationPlatforms) = postSolution
		{FF8955C8-CF98-4EED-A571-D8157BCB276D}.Debug|Any CPU.ActiveCfg = Debug|Any CPU
		{FF8955C8-CF98-4EED-A571-D8157BCB276D}.Debug|Any CPU.Build.0 = Debug|Any CPU
		{FF8955C8-CF98-4EED-A571-D8157BCB276D}.Release|Any CPU.ActiveCfg = Release|Any CPU
		{FF8955C8-CF98-4EED-A571-D8157BCB276D}.Release|Any CPU.Build.0 = Release|Any CPU
	EndGlobalSection
	GlobalSection(SolutionProperties) = preSolution
		HideSolutionNode = FALSE
	EndGlobalSection
	GlobalSection(ExtensibilityGlobals) = postSolution
		SolutionGuid = {3D2CFE34-8411-4AC7-B994-2C97CA829DF0}
	EndGlobalSection
EndGlobal
